schema: '2.0'
stages:
  filter:
    cmd: python scripts/preprocessing/filter.py --threshold=8.0 --keep_null=true data/raw/smiles.tsv.gz
      data/raw/activities.tsv.gz data/filtered/filtered.csv
    deps:
    - path: data/raw/activities.tsv.gz
      md5: 91eb205b6a7b5edcfe0bd76aa685fb6e
      size: 67518
    - path: data/raw/smiles.tsv.gz
      md5: 683875548e9d7b5b98b7349ee325e41d
      size: 24872450
    - path: scripts/preprocessing/filter.py
      md5: bb38d9602b93b23b8b5ff0ea6c883a93
      size: 3521
    outs:
    - path: data/filtered
      md5: 9f06ebed05017f359cbaabc0db18c8b1.dir
      size: 361545
      nfiles: 1
  split:
    cmd: python scripts/preprocessing/split.py --test_ratio=0.2 --val_ratio=0.1 --homology_based
      true --random_seed 228 data/filtered/filtered.csv data/splitted
    deps:
    - path: data/filtered
      md5: 9f06ebed05017f359cbaabc0db18c8b1.dir
      size: 361545
      nfiles: 1
    - path: scripts/preprocessing/split.py
      md5: 42a67ab34b5cf90db6f4a76f2e74c662
      size: 4381
    outs:
    - path: data/splitted
      md5: 6228c40c50cf71ab570195f7f8bfa595.dir
      size: 361597
      nfiles: 3
  featurize_topological_fp:
    cmd: python scripts/preprocessing/featurize_topological_fp.py data/splitted data/features/fingerprints/topological
    deps:
    - path: data/splitted
      md5: 6228c40c50cf71ab570195f7f8bfa595.dir
      size: 361597
      nfiles: 3
    - path: scripts/preprocessing/featurize_topological_fp.py
      md5: 17fca59680a892439f6039be4c589e25
      size: 1850
    outs:
    - path: data/features/fingerprints/topological
      md5: bf5b3d7aa6cf50c6af1a21092eac15a7.dir
      size: 3694179
      nfiles: 3
  featurize_maccs_fp:
    cmd: python scripts/preprocessing/featurize_maccs_fp.py data/splitted data/features/fingerprints/maccs
    deps:
    - path: data/splitted
      md5: 6228c40c50cf71ab570195f7f8bfa595.dir
      size: 361597
      nfiles: 3
    - path: scripts/preprocessing/featurize_maccs_fp.py
      md5: 9e00796d064c56e312a6b25bff16d869
      size: 1874
    outs:
    - path: data/features/fingerprints/maccs
      md5: 6e476a1955f7dc4b8f5fbf7958588374.dir
      size: 204873
      nfiles: 3
  featurize_morgan_fp:
    cmd: python scripts/preprocessing/featurize_morgan_fp.py --radius=2 --n_bits=1024
      data/splitted data/features/fingerprints/morgan
    deps:
    - path: data/splitted
      md5: 6228c40c50cf71ab570195f7f8bfa595.dir
      size: 361597
      nfiles: 3
    - path: scripts/preprocessing/featurize_morgan_fp.py
      md5: a16c0bbbd0a95ad45437c90487e3b5ad
      size: 2221
    outs:
    - path: data/features/fingerprints/morgan
      md5: dad94a5afa20d1ae1bdeef1d48a8cab6.dir
      size: 622669
      nfiles: 3
  train_gb_topological_fp:
    cmd: python scripts/training/train_gb.py --subsample=0.3 --n_estimators=300 --max_depth=3
      --use_weights=true data/features/fingerprints/topological/train.npz models/gb_topological_fp/model.pkl
    deps:
    - path: data/features/fingerprints/topological/train.npz
      md5: 9e46f4dcf0d878d26c2acc4b657fc7af
      size: 2692151
    - path: scripts/training/train_gb.py
      md5: fae5c50dc1c9ba434cd0b4da51c6eb27
      size: 2152
    outs:
    - path: models/gb_topological_fp/model.pkl
      md5: 5bafa083c0d4f3abb431453d7bdd787f
      size: 365933
  train_gb_maccs_fp:
    cmd: python scripts/training/train_gb.py --subsample=0.3 --n_estimators=300 --max_depth=3
      --use_weights=true data/features/fingerprints/maccs/train.npz models/gb_maccs_fp/model.pkl
    deps:
    - path: data/features/fingerprints/maccs/train.npz
      md5: bae528ac6add579d9c0ec51c6f2ae8cc
      size: 148309
    - path: scripts/training/train_gb.py
      md5: fae5c50dc1c9ba434cd0b4da51c6eb27
      size: 2152
    outs:
    - path: models/gb_maccs_fp/model.pkl
      md5: 6460bf2c682ab03a5efd6decfd9faba1
      size: 364519
  train_gb_morgan_fp:
    cmd: python scripts/training/train_gb.py --subsample=0.3 --n_estimators=300 --max_depth=3
      --use_weights=true data/features/fingerprints/morgan/train.npz models/gb_morgan_fp/model.pkl
    deps:
    - path: data/features/fingerprints/morgan/train.npz
      md5: aa4e7622ff581a55c3d51819e5feb0c8
      size: 453055
    - path: scripts/training/train_gb.py
      md5: fae5c50dc1c9ba434cd0b4da51c6eb27
      size: 2152
    outs:
    - path: models/gb_morgan_fp/model.pkl
      md5: 718c232cd772fc1b3a0429e197c31aba
      size: 360813
  generate_conformers:
    cmd: python scripts/preprocessing/generate_conformers.py data/splitted data/conformers
    deps:
    - path: data/splitted
      md5: 6228c40c50cf71ab570195f7f8bfa595.dir
      size: 361597
      nfiles: 3
    - path: scripts/preprocessing/generate_conformers.py
      md5: a8455786cc5badc5eaea15e17f78e7fb
      size: 2054
    outs:
    - path: data/conformers
      md5: 313ab88ae7df4b5e90cdfe62cf28a0bc.dir
      size: 8483767
      nfiles: 3
  generate_voxels:
    cmd: python scripts/preprocessing/generate_voxels.py --voxel_size=0.5 --box_size_x=15
      --box_size_y=15 --box_size_z=15 data/conformers data/features/voxels
    deps:
    - path: data/conformers
      md5: 313ab88ae7df4b5e90cdfe62cf28a0bc.dir
      size: 8483767
      nfiles: 3
    - path: scripts/preprocessing/generate_voxels.py
      md5: da1beff11c9f42eaeb242a10130a17f5
      size: 2406
    outs:
    - path: data/features/voxels
      md5: a986c9240336e94af84fad752e6223a3.dir
      size: 1731893074
      nfiles: 3
  evaluate_gb_topological_fp@val:
    cmd: python scripts/evaluation/eval_gb.py models/gb_topological_fp/model.pkl data/features/fingerprints/topological/val.npz
      results/gb_topological_fp/val.json
    deps:
    - path: data/features/fingerprints/topological/val.npz
      md5: be2a4173a93d6f6f3264d5351307481f
      size: 304670
    - path: models/gb_topological_fp/model.pkl
      md5: 5bafa083c0d4f3abb431453d7bdd787f
      size: 365933
    - path: scripts/evaluation/eval_gb.py
      md5: f15370260290c4ae586311668b2bfbd0
      size: 1561
    outs:
    - path: results/gb_topological_fp/val.json
      md5: 509acb3c4ed15699c92610549b02b98e
      size: 95
  evaluate_gb_topological_fp@train:
    cmd: python scripts/evaluation/eval_gb.py models/gb_topological_fp/model.pkl data/features/fingerprints/topological/train.npz
      results/gb_topological_fp/train.json
    deps:
    - path: data/features/fingerprints/topological/train.npz
      md5: 9e46f4dcf0d878d26c2acc4b657fc7af
      size: 2692151
    - path: models/gb_topological_fp/model.pkl
      md5: 5bafa083c0d4f3abb431453d7bdd787f
      size: 365933
    - path: scripts/evaluation/eval_gb.py
      md5: f15370260290c4ae586311668b2bfbd0
      size: 1561
    outs:
    - path: results/gb_topological_fp/train.json
      md5: 05518c38b2446533e2153145b51d70e1
      size: 94
  evaluate_gb_maccs_fp@val:
    cmd: python scripts/evaluation/eval_gb.py models/gb_maccs_fp/model.pkl data/features/fingerprints/maccs/val.npz
      results/gb_maccs_fp/val.json
    deps:
    - path: data/features/fingerprints/maccs/val.npz
      md5: c8bdaac1ec0aaeb071d29c650e9d45c1
      size: 16971
    - path: models/gb_maccs_fp/model.pkl
      md5: 6460bf2c682ab03a5efd6decfd9faba1
      size: 364519
    - path: scripts/evaluation/eval_gb.py
      md5: f15370260290c4ae586311668b2bfbd0
      size: 1561
    outs:
    - path: results/gb_maccs_fp/val.json
      md5: 7bc217261f1b7978c48525c2c2526e5f
      size: 94
  evaluate_gb_morgan_fp@train:
    cmd: python scripts/evaluation/eval_gb.py models/gb_morgan_fp/model.pkl data/features/fingerprints/morgan/train.npz
      results/gb_morgan_fp/train.json
    deps:
    - path: data/features/fingerprints/morgan/train.npz
      md5: aa4e7622ff581a55c3d51819e5feb0c8
      size: 453055
    - path: models/gb_morgan_fp/model.pkl
      md5: 718c232cd772fc1b3a0429e197c31aba
      size: 360813
    - path: scripts/evaluation/eval_gb.py
      md5: f15370260290c4ae586311668b2bfbd0
      size: 1561
    outs:
    - path: results/gb_morgan_fp/train.json
      md5: 7bf66ea18b1fe38fef7d1a8873416afe
      size: 95
  evaluate_gb_morgan_fp@val:
    cmd: python scripts/evaluation/eval_gb.py models/gb_morgan_fp/model.pkl data/features/fingerprints/morgan/val.npz
      results/gb_morgan_fp/val.json
    deps:
    - path: data/features/fingerprints/morgan/val.npz
      md5: 6c0ccacf46cafbf658ef1bd0d3119e40
      size: 51901
    - path: models/gb_morgan_fp/model.pkl
      md5: 718c232cd772fc1b3a0429e197c31aba
      size: 360813
    - path: scripts/evaluation/eval_gb.py
      md5: f15370260290c4ae586311668b2bfbd0
      size: 1561
    outs:
    - path: results/gb_morgan_fp/val.json
      md5: 5ab1445570d7ffbfce7dcdc778b2cad1
      size: 95
  evaluate_gb_maccs_fp@train:
    cmd: python scripts/evaluation/eval_gb.py models/gb_maccs_fp/model.pkl data/features/fingerprints/maccs/train.npz
      results/gb_maccs_fp/train.json
    deps:
    - path: data/features/fingerprints/maccs/train.npz
      md5: bae528ac6add579d9c0ec51c6f2ae8cc
      size: 148309
    - path: models/gb_maccs_fp/model.pkl
      md5: 6460bf2c682ab03a5efd6decfd9faba1
      size: 364519
    - path: scripts/evaluation/eval_gb.py
      md5: f15370260290c4ae586311668b2bfbd0
      size: 1561
    outs:
    - path: results/gb_maccs_fp/train.json
      md5: fab424dca9019292e426ccd20031fc53
      size: 95
  train_cnn:
    cmd: python scripts/training/train_cnn.py --batch_size=32 --learning_rate=0.001
      --l2_lambda=0.04 --dropout=0.4 --seed=228 data/features/voxels models/cnn/model.ckpt
    deps:
    - path: data/features/voxels
      md5: a986c9240336e94af84fad752e6223a3.dir
      size: 1731893074
      nfiles: 3
    - path: scripts/training/train_cnn.py
      md5: 31de2ee0c81556d30c1f389f0e73ed04
      size: 2084
    outs:
    - path: models/cnn/model.ckpt
      md5: d56eb4ce501d7dc2283e08a427509a2e
      size: 120096587
  evaluate_cnn@val:
    cmd: python scripts/evaluation/eval_cnn.py models/cnn/model.ckpt data/features/voxels/val.npz
      results/cnn/val.json
    deps:
    - path: data/features/voxels/val.npz
      md5: ec16bb1c9b0ce13404dccaa76ef5220b
      size: 143055929
    - path: models/cnn/model.ckpt
      md5: d56eb4ce501d7dc2283e08a427509a2e
      size: 120096587
    outs:
    - path: results/cnn/val.json
      md5: 0572836f9b83ffe7c0c39971ea7e14f6
      size: 95
  evaluate_cnn@train:
    cmd: python scripts/evaluation/eval_cnn.py models/cnn/model.ckpt data/features/voxels/train.npz
      results/cnn/train.json
    deps:
    - path: data/features/voxels/train.npz
      md5: dace16c498131d4ad350058b387be4dc
      size: 1262188724
    - path: models/cnn/model.ckpt
      md5: d56eb4ce501d7dc2283e08a427509a2e
      size: 120096587
    outs:
    - path: results/cnn/train.json
      md5: 3871b4ed8658900986be27ec8d431097
      size: 95
